{
  "pins" : [
    {
      "identity" : "realm-core",
      "kind" : "remoteSourceControl",
      "location" : "https://github.com/realm/realm-core",
      "state" : {
        "revision" : "9e2f3cb730a546ff33e95c563a85e3cf61f17d17",
        "version" : "12.0.0"
      }
    },
    {
      "identity" : "realm-swift",
      "kind" : "remoteSourceControl",
      "location" : "https://github.com/realm/realm-swift",
      "state" : {
        "branch" : "master",
        "revision" : "e362016a97a567b9ac0257a85b30243be7bdb549"
      }
    }
  ],
  "version" : 2
}
